<?xml version="1.0" encoding="UTF-8"?>
<CodeBlocks_project_file>
	<FileVersion major="1" minor="6"/>
	<Project>
		<Option title="cpp14_basics"/>
		<Option makefile_is_custom="1"/>
		<Option compiler="gcc"/>
		<Option virtualFolders="CMake Files\;"/>
		<Build>
			<Target title="all">
				<Option working_dir="/home/username/src-bitbucket/cpp14-basics"/>
				<Option type="4"/>
				<MakeCommands>
					<Build command="/usr/bin/make -j4 -f &quot;/home/username/src-bitbucket/cpp14-basics/Makefile&quot;  VERBOSE=1 all"/>
					<CompileFile command="/usr/bin/make -j4 -f &quot;/home/username/src-bitbucket/cpp14-basics/Makefile&quot;  VERBOSE=1 &quot;$file&quot;"/>
					<Clean command="/usr/bin/make -j4 -f &quot;/home/username/src-bitbucket/cpp14-basics/Makefile&quot;  VERBOSE=1 clean"/>
					<DistClean command="/usr/bin/make -j4 -f &quot;/home/username/src-bitbucket/cpp14-basics/Makefile&quot;  VERBOSE=1 clean"/>
				</MakeCommands>
			</Target>
			<Target title="rebuild_cache">
				<Option working_dir="/home/username/src-bitbucket/cpp14-basics"/>
				<Option type="4"/>
				<MakeCommands>
					<Build command="/usr/bin/make -j4 -f &quot;/home/username/src-bitbucket/cpp14-basics/Makefile&quot;  VERBOSE=1 rebuild_cache"/>
					<CompileFile command="/usr/bin/make -j4 -f &quot;/home/username/src-bitbucket/cpp14-basics/Makefile&quot;  VERBOSE=1 &quot;$file&quot;"/>
					<Clean command="/usr/bin/make -j4 -f &quot;/home/username/src-bitbucket/cpp14-basics/Makefile&quot;  VERBOSE=1 clean"/>
					<DistClean command="/usr/bin/make -j4 -f &quot;/home/username/src-bitbucket/cpp14-basics/Makefile&quot;  VERBOSE=1 clean"/>
				</MakeCommands>
			</Target>
			<Target title="edit_cache">
				<Option working_dir="/home/username/src-bitbucket/cpp14-basics"/>
				<Option type="4"/>
				<MakeCommands>
					<Build command="/usr/bin/make -j4 -f &quot;/home/username/src-bitbucket/cpp14-basics/Makefile&quot;  VERBOSE=1 edit_cache"/>
					<CompileFile command="/usr/bin/make -j4 -f &quot;/home/username/src-bitbucket/cpp14-basics/Makefile&quot;  VERBOSE=1 &quot;$file&quot;"/>
					<Clean command="/usr/bin/make -j4 -f &quot;/home/username/src-bitbucket/cpp14-basics/Makefile&quot;  VERBOSE=1 clean"/>
					<DistClean command="/usr/bin/make -j4 -f &quot;/home/username/src-bitbucket/cpp14-basics/Makefile&quot;  VERBOSE=1 clean"/>
				</MakeCommands>
			</Target>
			<Target title="cpp14_basics">
				<Option output="/home/username/src-bitbucket/cpp14-basics/bin/cpp14_basics" prefix_auto="0" extension_auto="0"/>
				<Option working_dir="/home/username/src-bitbucket/cpp14-basics/bin"/>
				<Option object_output="./"/>
				<Option type="1"/>
				<Option compiler="gcc"/>
				<Compiler>
					<Add directory="/usr/local/include"/>
					<Add directory="/usr/include/c++/5"/>
					<Add directory="/usr/include/x86_64-linux-gnu/c++/5"/>
					<Add directory="/usr/include/c++/5/backward"/>
					<Add directory="/usr/lib/gcc/x86_64-linux-gnu/5/include"/>
					<Add directory="/usr/lib/gcc/x86_64-linux-gnu/5/include-fixed"/>
					<Add directory="/usr/include/x86_64-linux-gnu"/>
					<Add directory="/usr/include"/>
				</Compiler>
				<MakeCommands>
					<Build command="/usr/bin/make -j4 -f &quot;/home/username/src-bitbucket/cpp14-basics/Makefile&quot;  VERBOSE=1 cpp14_basics"/>
					<CompileFile command="/usr/bin/make -j4 -f &quot;/home/username/src-bitbucket/cpp14-basics/Makefile&quot;  VERBOSE=1 &quot;$file&quot;"/>
					<Clean command="/usr/bin/make -j4 -f &quot;/home/username/src-bitbucket/cpp14-basics/Makefile&quot;  VERBOSE=1 clean"/>
					<DistClean command="/usr/bin/make -j4 -f &quot;/home/username/src-bitbucket/cpp14-basics/Makefile&quot;  VERBOSE=1 clean"/>
				</MakeCommands>
			</Target>
			<Target title="cpp14_basics/fast">
				<Option output="/home/username/src-bitbucket/cpp14-basics/bin/cpp14_basics" prefix_auto="0" extension_auto="0"/>
				<Option working_dir="/home/username/src-bitbucket/cpp14-basics/bin"/>
				<Option object_output="./"/>
				<Option type="1"/>
				<Option compiler="gcc"/>
				<Compiler>
					<Add directory="/usr/local/include"/>
					<Add directory="/usr/include/c++/5"/>
					<Add directory="/usr/include/x86_64-linux-gnu/c++/5"/>
					<Add directory="/usr/include/c++/5/backward"/>
					<Add directory="/usr/lib/gcc/x86_64-linux-gnu/5/include"/>
					<Add directory="/usr/lib/gcc/x86_64-linux-gnu/5/include-fixed"/>
					<Add directory="/usr/include/x86_64-linux-gnu"/>
					<Add directory="/usr/include"/>
				</Compiler>
				<MakeCommands>
					<Build command="/usr/bin/make -j4 -f &quot;/home/username/src-bitbucket/cpp14-basics/Makefile&quot;  VERBOSE=1 cpp14_basics/fast"/>
					<CompileFile command="/usr/bin/make -j4 -f &quot;/home/username/src-bitbucket/cpp14-basics/Makefile&quot;  VERBOSE=1 &quot;$file&quot;"/>
					<Clean command="/usr/bin/make -j4 -f &quot;/home/username/src-bitbucket/cpp14-basics/Makefile&quot;  VERBOSE=1 clean"/>
					<DistClean command="/usr/bin/make -j4 -f &quot;/home/username/src-bitbucket/cpp14-basics/Makefile&quot;  VERBOSE=1 clean"/>
				</MakeCommands>
			</Target>
		</Build>
		<Unit filename="/home/username/src-bitbucket/cpp14-basics/cpp/Tables/AbsoluteTable.cpp">
			<Option target="cpp14_basics"/>
		</Unit>
		<Unit filename="/home/username/src-bitbucket/cpp14-basics/cpp/Tables/AbsoluteTable.h">
			<Option target="cpp14_basics"/>
		</Unit>
		<Unit filename="/home/username/src-bitbucket/cpp14-basics/cpp/Tables/OnTheFlyTable.cpp">
			<Option target="cpp14_basics"/>
		</Unit>
		<Unit filename="/home/username/src-bitbucket/cpp14-basics/cpp/Tables/OnTheFlyTable.h">
			<Option target="cpp14_basics"/>
		</Unit>
		<Unit filename="/home/username/src-bitbucket/cpp14-basics/cpp/Tables/RandomTable.cpp">
			<Option target="cpp14_basics"/>
		</Unit>
		<Unit filename="/home/username/src-bitbucket/cpp14-basics/cpp/Tables/RandomTable.h">
			<Option target="cpp14_basics"/>
		</Unit>
		<Unit filename="/home/username/src-bitbucket/cpp14-basics/cpp/Tables/Table.cpp">
			<Option target="cpp14_basics"/>
		</Unit>
		<Unit filename="/home/username/src-bitbucket/cpp14-basics/cpp/Tables/Table.h">
			<Option target="cpp14_basics"/>
		</Unit>
		<Unit filename="/home/username/src-bitbucket/cpp14-basics/cpp/Tables/Table2.cpp">
			<Option target="cpp14_basics"/>
		</Unit>
		<Unit filename="/home/username/src-bitbucket/cpp14-basics/cpp/Tables/Table2.h">
			<Option target="cpp14_basics"/>
		</Unit>
		<Unit filename="/home/username/src-bitbucket/cpp14-basics/cpp/Tables/TableClient.cpp">
			<Option target="cpp14_basics"/>
		</Unit>
		<Unit filename="/home/username/src-bitbucket/cpp14-basics/cpp/Tables/TableClient.h">
			<Option target="cpp14_basics"/>
		</Unit>
		<Unit filename="/home/username/src-bitbucket/cpp14-basics/cpp/Tables/TableInPrivate.cpp">
			<Option target="cpp14_basics"/>
		</Unit>
		<Unit filename="/home/username/src-bitbucket/cpp14-basics/cpp/Tables/TableInPrivate.h">
			<Option target="cpp14_basics"/>
		</Unit>
		<Unit filename="/home/username/src-bitbucket/cpp14-basics/cpp/Tables/TableInPrivateChild.cpp">
			<Option target="cpp14_basics"/>
		</Unit>
		<Unit filename="/home/username/src-bitbucket/cpp14-basics/cpp/Tables/TableInPrivateChild.h">
			<Option target="cpp14_basics"/>
		</Unit>
		<Unit filename="/home/username/src-bitbucket/cpp14-basics/cpp/Tables/TableInProtected.cpp">
			<Option target="cpp14_basics"/>
		</Unit>
		<Unit filename="/home/username/src-bitbucket/cpp14-basics/cpp/Tables/TableInProtected.h">
			<Option target="cpp14_basics"/>
		</Unit>
		<Unit filename="/home/username/src-bitbucket/cpp14-basics/cpp/Tables/TableInProtectedChild.cpp">
			<Option target="cpp14_basics"/>
		</Unit>
		<Unit filename="/home/username/src-bitbucket/cpp14-basics/cpp/Tables/TableInProtectedChild.h">
			<Option target="cpp14_basics"/>
		</Unit>
		<Unit filename="/home/username/src-bitbucket/cpp14-basics/cpp/Tables/test/Table_unittest.cpp">
			<Option target="cpp14_basics"/>
		</Unit>
		<Unit filename="/home/username/src-bitbucket/cpp14-basics/cpp/Utils.cpp">
			<Option target="cpp14_basics"/>
		</Unit>
		<Unit filename="/home/username/src-bitbucket/cpp14-basics/cpp/Utils.h">
			<Option target="cpp14_basics"/>
		</Unit>
		<Unit filename="/home/username/src-bitbucket/cpp14-basics/cpp/car.cpp">
			<Option target="cpp14_basics"/>
		</Unit>
		<Unit filename="/home/username/src-bitbucket/cpp14-basics/cpp/car.h">
			<Option target="cpp14_basics"/>
		</Unit>
		<Unit filename="/home/username/src-bitbucket/cpp14-basics/main.cpp">
			<Option target="cpp14_basics"/>
		</Unit>
		<Unit filename="/home/username/src-bitbucket/cpp14-basics/CMakeLists.txt">
			<Option virtualFolder="CMake Files\"/>
		</Unit>
		<Unit filename="/home/username/src-bitbucket/cpp14-basics/ClangOverrides.txt">
			<Option virtualFolder="CMake Files\"/>
		</Unit>
		<Unit filename="/home/username/src-bitbucket/cpp14-basics/ClangOverrides.txt">
			<Option virtualFolder="CMake Files\"/>
		</Unit>
	</Project>
</CodeBlocks_project_file>
